// !$*UTF8*$!
{
	archiveVersion = 1;
	classes = {
	};
	objectVersion = 46;
	objects = {

/* Begin PBXBuildFile section */
		7E3F8B0E1B880FBE002572BB /* AppDelegate.swift in Sources */ = {isa = PBXBuildFile; fileRef = 7E3F8B0D1B880FBE002572BB /* AppDelegate.swift */; };
		7E3F8B131B880FBE002572BB /* Main.storyboard in Resources */ = {isa = PBXBuildFile; fileRef = 7E3F8B111B880FBE002572BB /* Main.storyboard */; };
		7E3F8B151B880FBE002572BB /* Assets.xcassets in Resources */ = {isa = PBXBuildFile; fileRef = 7E3F8B141B880FBE002572BB /* Assets.xcassets */; };
		7E3F8B181B880FBE002572BB /* LaunchScreen.storyboard in Resources */ = {isa = PBXBuildFile; fileRef = 7E3F8B161B880FBE002572BB /* LaunchScreen.storyboard */; };
		7E3F8B231B880FBE002572BB /* Protocol_Oriented_Swift_2Tests.swift in Sources */ = {isa = PBXBuildFile; fileRef = 7E3F8B221B880FBE002572BB /* Protocol_Oriented_Swift_2Tests.swift */; };
		7E3F8B2E1B880FBE002572BB /* Protocol_Oriented_Swift_2UITests.swift in Sources */ = {isa = PBXBuildFile; fileRef = 7E3F8B2D1B880FBE002572BB /* Protocol_Oriented_Swift_2UITests.swift */; };
		7E3F8B3C1B88125E002572BB /* PersonViewModel.swift in Sources */ = {isa = PBXBuildFile; fileRef = 7E3F8B3B1B88125E002572BB /* PersonViewModel.swift */; };
		7E3F8B401B8814B8002572BB /* SwitchInTextTableViewCell.swift in Sources */ = {isa = PBXBuildFile; fileRef = 7E3F8B3F1B8814B8002572BB /* SwitchInTextTableViewCell.swift */; };
		7E3F8B421B8815AF002572BB /* MainTableViewController.swift in Sources */ = {isa = PBXBuildFile; fileRef = 7E3F8B411B8815AF002572BB /* MainTableViewController.swift */; };
/* End PBXBuildFile section */

/* Begin PBXContainerItemProxy section */
		7E3F8B1F1B880FBE002572BB /* PBXContainerItemProxy */ = {
			isa = PBXContainerItemProxy;
			containerPortal = 7E3F8B021B880FBE002572BB /* Project object */;
			proxyType = 1;
			remoteGlobalIDString = 7E3F8B091B880FBE002572BB;
			remoteInfo = "Protocol-Oriented Swift 2";
		};
		7E3F8B2A1B880FBE002572BB /* PBXContainerItemProxy */ = {
			isa = PBXContainerItemProxy;
			containerPortal = 7E3F8B021B880FBE002572BB /* Project object */;
			proxyType = 1;
			remoteGlobalIDString = 7E3F8B091B880FBE002572BB;
			remoteInfo = "Protocol-Oriented Swift 2";
		};
/* End PBXContainerItemProxy section */

/* Begin PBXFileReference section */
		7E3F8B0A1B880FBE002572BB /* Protocol-Oriented Swift 2.app */ = {isa = PBXFileReference; explicitFileType = wrapper.application; includeInIndex = 0; path = "Protocol-Oriented Swift 2.app"; sourceTree = BUILT_PRODUCTS_DIR; };
		7E3F8B0D1B880FBE002572BB /* AppDelegate.swift */ = {isa = PBXFileReference; lastKnownFileType = sourcecode.swift; path = AppDelegate.swift; sourceTree = "<group>"; };
		7E3F8B121B880FBE002572BB /* Base */ = {isa = PBXFileReference; lastKnownFileType = file.storyboard; name = Base; path = Base.lproj/Main.storyboard; sourceTree = "<group>"; };
		7E3F8B141B880FBE002572BB /* Assets.xcassets */ = {isa = PBXFileReference; lastKnownFileType = folder.assetcatalog; path = Assets.xcassets; sourceTree = "<group>"; };
		7E3F8B171B880FBE002572BB /* Base */ = {isa = PBXFileReference; lastKnownFileType = file.storyboard; name = Base; path = Base.lproj/LaunchScreen.storyboard; sourceTree = "<group>"; };
		7E3F8B191B880FBE002572BB /* Info.plist */ = {isa = PBXFileReference; lastKnownFileType = text.plist.xml; path = Info.plist; sourceTree = "<group>"; };
		7E3F8B1E1B880FBE002572BB /* Protocol-Oriented Swift 2Tests.xctest */ = {isa = PBXFileReference; explicitFileType = wrapper.cfbundle; includeInIndex = 0; path = "Protocol-Oriented Swift 2Tests.xctest"; sourceTree = BUILT_PRODUCTS_DIR; };
		7E3F8B221B880FBE002572BB /* Protocol_Oriented_Swift_2Tests.swift */ = {isa = PBXFileReference; lastKnownFileType = sourcecode.swift; path = Protocol_Oriented_Swift_2Tests.swift; sourceTree = "<group>"; };
		7E3F8B241B880FBE002572BB /* Info.plist */ = {isa = PBXFileReference; lastKnownFileType = text.plist.xml; path = Info.plist; sourceTree = "<group>"; };
		7E3F8B291B880FBE002572BB /* Protocol-Oriented Swift 2UITests.xctest */ = {isa = PBXFileReference; explicitFileType = wrapper.cfbundle; includeInIndex = 0; path = "Protocol-Oriented Swift 2UITests.xctest"; sourceTree = BUILT_PRODUCTS_DIR; };
		7E3F8B2D1B880FBE002572BB /* Protocol_Oriented_Swift_2UITests.swift */ = {isa = PBXFileReference; lastKnownFileType = sourcecode.swift; path = Protocol_Oriented_Swift_2UITests.swift; sourceTree = "<group>"; };
		7E3F8B2F1B880FBE002572BB /* Info.plist */ = {isa = PBXFileReference; lastKnownFileType = text.plist.xml; path = Info.plist; sourceTree = "<group>"; };
		7E3F8B3B1B88125E002572BB /* PersonViewModel.swift */ = {isa = PBXFileReference; fileEncoding = 4; lastKnownFileType = sourcecode.swift; path = PersonViewModel.swift; sourceTree = "<group>"; };
		7E3F8B3F1B8814B8002572BB /* SwitchInTextTableViewCell.swift */ = {isa = PBXFileReference; fileEncoding = 4; lastKnownFileType = sourcecode.swift; path = SwitchInTextTableViewCell.swift; sourceTree = "<group>"; };
		7E3F8B411B8815AF002572BB /* MainTableViewController.swift */ = {isa = PBXFileReference; fileEncoding = 4; lastKnownFileType = sourcecode.swift; path = MainTableViewController.swift; sourceTree = "<group>"; };
/* End PBXFileReference section */

/* Begin PBXFrameworksBuildPhase section */
		7E3F8B071B880FBE002572BB /* Frameworks */ = {
			isa = PBXFrameworksBuildPhase;
			buildActionMask = 2147483647;
			files = (
			);
			runOnlyForDeploymentPostprocessing = 0;
		};
		7E3F8B1B1B880FBE002572BB /* Frameworks */ = {
			isa = PBXFrameworksBuildPhase;
			buildActionMask = 2147483647;
			files = (
			);
			runOnlyForDeploymentPostprocessing = 0;
		};
		7E3F8B261B880FBE002572BB /* Frameworks */ = {
			isa = PBXFrameworksBuildPhase;
			buildActionMask = 2147483647;
			files = (
			);
			runOnlyForDeploymentPostprocessing = 0;
		};
/* End PBXFrameworksBuildPhase section */

/* Begin PBXGroup section */
		7E3F8B011B880FBE002572BB = {
			isa = PBXGroup;
			children = (
				7E3F8B0C1B880FBE002572BB /* Protocol-Oriented Swift 2 */,
				7E3F8B211B880FBE002572BB /* Protocol-Oriented Swift 2Tests */,
				7E3F8B2C1B880FBE002572BB /* Protocol-Oriented Swift 2UITests */,
				7E3F8B0B1B880FBE002572BB /* Products */,
			);
			sourceTree = "<group>";
		};
		7E3F8B0B1B880FBE002572BB /* Products */ = {
			isa = PBXGroup;
			children = (
				7E3F8B0A1B880FBE002572BB /* Protocol-Oriented Swift 2.app */,
				7E3F8B1E1B880FBE002572BB /* Protocol-Oriented Swift 2Tests.xctest */,
				7E3F8B291B880FBE002572BB /* Protocol-Oriented Swift 2UITests.xctest */,
			);
			name = Products;
			sourceTree = "<group>";
		};
		7E3F8B0C1B880FBE002572BB /* Protocol-Oriented Swift 2 */ = {
			isa = PBXGroup;
			children = (
				7E3F8B0D1B880FBE002572BB /* AppDelegate.swift */,
				7E3F8B411B8815AF002572BB /* MainTableViewController.swift */,
				7E3F8B3B1B88125E002572BB /* PersonViewModel.swift */,
				7E3F8B3F1B8814B8002572BB /* SwitchInTextTableViewCell.swift */,
				7E3F8B111B880FBE002572BB /* Main.storyboard */,
				7E3F8B141B880FBE002572BB /* Assets.xcassets */,
				7E3F8B161B880FBE002572BB /* LaunchScreen.storyboard */,
				7E3F8B191B880FBE002572BB /* Info.plist */,
			);
			path = "Protocol-Oriented Swift 2";
			sourceTree = "<group>";
		};
		7E3F8B211B880FBE002572BB /* Protocol-Oriented Swift 2Tests */ = {
			isa = PBXGroup;
			children = (
				7E3F8B221B880FBE002572BB /* Protocol_Oriented_Swift_2Tests.swift */,
				7E3F8B241B880FBE002572BB /* Info.plist */,
			);
			path = "Protocol-Oriented Swift 2Tests";
			sourceTree = "<group>";
		};
		7E3F8B2C1B880FBE002572BB /* Protocol-Oriented Swift 2UITests */ = {
			isa = PBXGroup;
			children = (
				7E3F8B2D1B880FBE002572BB /* Protocol_Oriented_Swift_2UITests.swift */,
				7E3F8B2F1B880FBE002572BB /* Info.plist */,
			);
			path = "Protocol-Oriented Swift 2UITests";
			sourceTree = "<group>";
		};
/* End PBXGroup section */

/* Begin PBXNativeTarget section */
		7E3F8B091B880FBE002572BB /* Protocol-Oriented Swift 2 */ = {
			isa = PBXNativeTarget;
			buildConfigurationList = 7E3F8B321B880FBE002572BB /* Build configuration list for PBXNativeTarget "Protocol-Oriented Swift 2" */;
			buildPhases = (
				7E3F8B061B880FBE002572BB /* Sources */,
				7E3F8B071B880FBE002572BB /* Frameworks */,
				7E3F8B081B880FBE002572BB /* Resources */,
			);
			buildRules = (
			);
			dependencies = (
			);
			name = "Protocol-Oriented Swift 2";
			productName = "Protocol-Oriented Swift 2";
			productReference = 7E3F8B0A1B880FBE002572BB /* Protocol-Oriented Swift 2.app */;
			productType = "com.apple.product-type.application";
		};
		7E3F8B1D1B880FBE002572BB /* Protocol-Oriented Swift 2Tests */ = {
			isa = PBXNativeTarget;
			buildConfigurationList = 7E3F8B351B880FBE002572BB /* Build configuration list for PBXNativeTarget "Protocol-Oriented Swift 2Tests" */;
			buildPhases = (
				7E3F8B1A1B880FBE002572BB /* Sources */,
				7E3F8B1B1B880FBE002572BB /* Frameworks */,
				7E3F8B1C1B880FBE002572BB /* Resources */,
			);
			buildRules = (
			);
			dependencies = (
				7E3F8B201B880FBE002572BB /* PBXTargetDependency */,
			);
			name = "Protocol-Oriented Swift 2Tests";
			productName = "Protocol-Oriented Swift 2Tests";
			productReference = 7E3F8B1E1B880FBE002572BB /* Protocol-Oriented Swift 2Tests.xctest */;
			productType = "com.apple.product-type.bundle.unit-test";
		};
		7E3F8B281B880FBE002572BB /* Protocol-Oriented Swift 2UITests */ = {
			isa = PBXNativeTarget;
			buildConfigurationList = 7E3F8B381B880FBE002572BB /* Build configuration list for PBXNativeTarget "Protocol-Oriented Swift 2UITests" */;
			buildPhases = (
				7E3F8B251B880FBE002572BB /* Sources */,
				7E3F8B261B880FBE002572BB /* Frameworks */,
				7E3F8B271B880FBE002572BB /* Resources */,
			);
			buildRules = (
			);
			dependencies = (
				7E3F8B2B1B880FBE002572BB /* PBXTargetDependency */,
			);
			name = "Protocol-Oriented Swift 2UITests";
			productName = "Protocol-Oriented Swift 2UITests";
			productReference = 7E3F8B291B880FBE002572BB /* Protocol-Oriented Swift 2UITests.xctest */;
			productType = "com.apple.product-type.bundle.ui-testing";
		};
/* End PBXNativeTarget section */

/* Begin PBXProject section */
		7E3F8B021B880FBE002572BB /* Project object */ = {
			isa = PBXProject;
			attributes = {
				LastUpgradeCheck = 0800;
				ORGANIZATIONNAME = Sweefties;
				TargetAttributes = {
					7E3F8B091B880FBE002572BB = {
						CreatedOnToolsVersion = 7.0;
						LastSwiftMigration = 0800;
					};
					7E3F8B1D1B880FBE002572BB = {
						CreatedOnToolsVersion = 7.0;
						LastSwiftMigration = 0800;
						TestTargetID = 7E3F8B091B880FBE002572BB;
					};
					7E3F8B281B880FBE002572BB = {
						CreatedOnToolsVersion = 7.0;
						LastSwiftMigration = 0800;
						TestTargetID = 7E3F8B091B880FBE002572BB;
					};
				};
			};
			buildConfigurationList = 7E3F8B051B880FBE002572BB /* Build configuration list for PBXProject "Protocol-Oriented Swift 2" */;
			compatibilityVersion = "Xcode 3.2";
			developmentRegion = English;
			hasScannedForEncodings = 0;
			knownRegions = (
				en,
				Base,
			);
			mainGroup = 7E3F8B011B880FBE002572BB;
			productRefGroup = 7E3F8B0B1B880FBE002572BB /* Products */;
			projectDirPath = "";
			projectRoot = "";
			targets = (
				7E3F8B091B880FBE002572BB /* Protocol-Oriented Swift 2 */,
				7E3F8B1D1B880FBE002572BB /* Protocol-Oriented Swift 2Tests */,
				7E3F8B281B880FBE002572BB /* Protocol-Oriented Swift 2UITests */,
			);
		};
/* End PBXProject section */

/* Begin PBXResourcesBuildPhase section */
		7E3F8B081B880FBE002572BB /* Resources */ = {
			isa = PBXResourcesBuildPhase;
			buildActionMask = 2147483647;
			files = (
				7E3F8B181B880FBE002572BB /* LaunchScreen.storyboard in Resources */,
				7E3F8B151B880FBE002572BB /* Assets.xcassets in Resources */,
				7E3F8B131B880FBE002572BB /* Main.storyboard in Resources */,
			);
			runOnlyForDeploymentPostprocessing = 0;
		};
		7E3F8B1C1B880FBE002572BB /* Resources */ = {
			isa = PBXResourcesBuildPhase;
			buildActionMask = 2147483647;
			files = (
			);
			runOnlyForDeploymentPostprocessing = 0;
		};
		7E3F8B271B880FBE002572BB /* Resources */ = {
			isa = PBXResourcesBuildPhase;
			buildActionMask = 2147483647;
			files = (
			);
			runOnlyForDeploymentPostprocessing = 0;
		};
/* End PBXResourcesBuildPhase section */

/* Begin PBXSourcesBuildPhase section */
		7E3F8B061B880FBE002572BB /* Sources */ = {
			isa = PBXSourcesBuildPhase;
			buildActionMask = 2147483647;
			files = (
				7E3F8B3C1B88125E002572BB /* PersonViewModel.swift in Sources */,
				7E3F8B0E1B880FBE002572BB /* AppDelegate.swift in Sources */,
				7E3F8B421B8815AF002572BB /* MainTableViewController.swift in Sources */,
				7E3F8B401B8814B8002572BB /* SwitchInTextTableViewCell.swift in Sources */,
			);
			runOnlyForDeploymentPostprocessing = 0;
		};
		7E3F8B1A1B880FBE002572BB /* Sources */ = {
			isa = PBXSourcesBuildPhase;
			buildActionMask = 2147483647;
			files = (
				7E3F8B231B880FBE002572BB /* Protocol_Oriented_Swift_2Tests.swift in Sources */,
			);
			runOnlyForDeploymentPostprocessing = 0;
		};
		7E3F8B251B880FBE002572BB /* Sources */ = {
			isa = PBXSourcesBuildPhase;
			buildActionMask = 2147483647;
			files = (
				7E3F8B2E1B880FBE002572BB /* Protocol_Oriented_Swift_2UITests.swift in Sources */,
			);
			runOnlyForDeploymentPostprocessing = 0;
		};
/* End PBXSourcesBuildPhase section */

/* Begin PBXTargetDependency section */
		7E3F8B201B880FBE002572BB /* PBXTargetDependency */ = {
			isa = PBXTargetDependency;
			target = 7E3F8B091B880FBE002572BB /* Protocol-Oriented Swift 2 */;
			targetProxy = 7E3F8B1F1B880FBE002572BB /* PBXContainerItemProxy */;
		};
		7E3F8B2B1B880FBE002572BB /* PBXTargetDependency */ = {
			isa = PBXTargetDependency;
			target = 7E3F8B091B880FBE002572BB /* Protocol-Oriented Swift 2 */;
			targetProxy = 7E3F8B2A1B880FBE002572BB /* PBXContainerItemProxy */;
		};
/* End PBXTargetDependency section */

/* Begin PBXVariantGroup section */
		7E3F8B111B880FBE002572BB /* Main.storyboard */ = {
			isa = PBXVariantGroup;
			children = (
				7E3F8B121B880FBE002572BB /* Base */,
			);
			name = Main.storyboard;
			sourceTree = "<group>";
		};
		7E3F8B161B880FBE002572BB /* LaunchScreen.storyboard */ = {
			isa = PBXVariantGroup;
			children = (
				7E3F8B171B880FBE002572BB /* Base */,
			);
			name = LaunchScreen.storyboard;
			sourceTree = "<group>";
		};
/* End PBXVariantGroup section */

/* Begin XCBuildConfiguration section */
		7E3F8B301B880FBE002572BB /* Debug */ = {
			isa = XCBuildConfiguration;
			buildSettings = {
				ALWAYS_SEARCH_USER_PATHS = NO;
				CLANG_CXX_LANGUAGE_STANDARD = "gnu++0x";
				CLANG_CXX_LIBRARY = "libc++";
				CLANG_ENABLE_MODULES = YES;
				CLANG_ENABLE_OBJC_ARC = YES;
				CLANG_WARN_BOOL_CONVERSION = YES;
				CLANG_WARN_CONSTANT_CONVERSION = YES;
				CLANG_WARN_DIRECT_OBJC_ISA_USAGE = YES_ERROR;
				CLANG_WARN_EMPTY_BODY = YES;
				CLANG_WARN_ENUM_CONVERSION = YES;
				CLANG_WARN_INFINITE_RECURSION = YES;
				CLANG_WARN_INT_CONVERSION = YES;
				CLANG_WARN_OBJC_ROOT_CLASS = YES_ERROR;
				CLANG_WARN_SUSPICIOUS_MOVE = YES;
				CLANG_WARN_UNREACHABLE_CODE = YES;
				CLANG_WARN__DUPLICATE_METHOD_MATCH = YES;
				"CODE_SIGN_IDENTITY[sdk=iphoneos*]" = "iPhone Developer";
				COPY_PHASE_STRIP = NO;
				DEBUG_INFORMATION_FORMAT = dwarf;
				ENABLE_STRICT_OBJC_MSGSEND = YES;
				ENABLE_TESTABILITY = YES;
				GCC_C_LANGUAGE_STANDARD = gnu99;
				GCC_DYNAMIC_NO_PIC = NO;
				GCC_NO_COMMON_BLOCKS = YES;
				GCC_OPTIMIZATION_LEVEL = 0;
				GCC_PREPROCESSOR_DEFINITIONS = (
					"DEBUG=1",
					"$(inherited)",
				);
				GCC_WARN_64_TO_32_BIT_CONVERSION = YES;
				GCC_WARN_ABOUT_RETURN_TYPE = YES_ERROR;
				GCC_WARN_UNDECLARED_SELECTOR = YES;
				GCC_WARN_UNINITIALIZED_AUTOS = YES_AGGRESSIVE;
				GCC_WARN_UNUSED_FUNCTION = YES;
				GCC_WARN_UNUSED_VARIABLE = YES;
				IPHONEOS_DEPLOYMENT_TARGET = 9.0;
				MTL_ENABLE_DEBUG_INFO = YES;
				ONLY_ACTIVE_ARCH = YES;
				SDKROOT = iphoneos;
				SWIFT_OPTIMIZATION_LEVEL = "-Onone";
				TARGETED_DEVICE_FAMILY = "1,2";
			};
			name = Debug;
		};
		7E3F8B311B880FBE002572BB /* Release */ = {
			isa = XCBuildConfiguration;
			buildSettings = {
				ALWAYS_SEARCH_USER_PATHS = NO;
				CLANG_CXX_LANGUAGE_STANDARD = "gnu++0x";
				CLANG_CXX_LIBRARY = "libc++";
				CLANG_ENABLE_MODULES = YES;
				CLANG_ENABLE_OBJC_ARC = YES;
				CLANG_WARN_BOOL_CONVERSION = YES;
				CLANG_WARN_CONSTANT_CONVERSION = YES;
				CLANG_WARN_DIRECT_OBJC_ISA_USAGE = YES_ERROR;
				CLANG_WARN_EMPTY_BODY = YES;
				CLANG_WARN_ENUM_CONVERSION = YES;
				CLANG_WARN_INFINITE_RECURSION = YES;
				CLANG_WARN_INT_CONVERSION = YES;
				CLANG_WARN_OBJC_ROOT_CLASS = YES_ERROR;
				CLANG_WARN_SUSPICIOUS_MOVE = YES;
				CLANG_WARN_UNREACHABLE_CODE = YES;
				CLANG_WARN__DUPLICATE_METHOD_MATCH = YES;
				"CODE_SIGN_IDENTITY[sdk=iphoneos*]" = "iPhone Developer";
				COPY_PHASE_STRIP = NO;
				DEBUG_INFORMATION_FORMAT = "dwarf-with-dsym";
				ENABLE_NS_ASSERTIONS = NO;
				ENABLE_STRICT_OBJC_MSGSEND = YES;
				GCC_C_LANGUAGE_STANDARD = gnu99;
				GCC_NO_COMMON_BLOCKS = YES;
				GCC_WARN_64_TO_32_BIT_CONVERSION = YES;
				GCC_WARN_ABOUT_RETURN_TYPE = YES_ERROR;
				GCC_WARN_UNDECLARED_SELECTOR = YES;
				GCC_WARN_UNINITIALIZED_AUTOS = YES_AGGRESSIVE;
				GCC_WARN_UNUSED_FUNCTION = YES;
				GCC_WARN_UNUSED_VARIABLE = YES;
				IPHONEOS_DEPLOYMENT_TARGET = 9.0;
				MTL_ENABLE_DEBUG_INFO = NO;
				SDKROOT = iphoneos;
				SWIFT_OPTIMIZATION_LEVEL = "-Owholemodule";
				TARGETED_DEVICE_FAMILY = "1,2";
				VALIDATE_PRODUCT = YES;
			};
			name = Release;
		};
		7E3F8B331B880FBE002572BB /* Debug */ = {
			isa = XCBuildConfiguration;
			buildSettings = {
				ASSETCATALOG_COMPILER_APPICON_NAME = AppIcon;
				INFOPLIST_FILE = "Protocol-Oriented Swift 2/Info.plist";
				LD_RUNPATH_SEARCH_PATHS = "$(inherited) @executable_path/Frameworks";
				PRODUCT_BUNDLE_IDENTIFIER = "com.sweefties.Protocol-Oriented-Swift-2";
				PRODUCT_NAME = "$(TARGET_NAME)";
				SWIFT_VERSION = 3.0;
			};
			name = Debug;
		};
		7E3F8B341B880FBE002572BB /* Release */ = {
			isa = XCBuildConfiguration;
			buildSettings = {
				ASSETCATALOG_COMPILER_APPICON_NAME = AppIcon;
				INFOPLIST_FILE = "Protocol-Oriented Swift 2/Info.plist";
				LD_RUNPATH_SEARCH_PATHS = "$(inherited) @executable_path/Frameworks";
				PRODUCT_BUNDLE_IDENTIFIER = "com.sweefties.Protocol-Oriented-Swift-2";
				PRODUCT_NAME = "$(TARGET_NAME)";
				SWIFT_VERSION = 3.0;
			};
			name = Release;
		};
		7E3F8B361B880FBE002572BB /* Debug */ = {
			isa = XCBuildConfiguration;
			buildSettings = {
				BUNDLE_LOADER = "$(TEST_HOST)";
				INFOPLIST_FILE = "Protocol-Oriented Swift 2Tests/Info.plist";
				LD_RUNPATH_SEARCH_PATHS = "$(inherited) @executable_path/Frameworks @loader_path/Frameworks";
				PRODUCT_BUNDLE_IDENTIFIER = "com.sweefties.Protocol-Oriented-Swift-2Tests";
				PRODUCT_NAME = "$(TARGET_NAME)";
				SWIFT_VERSION = 3.0;
				TEST_HOST = "$(BUILT_PRODUCTS_DIR)/Protocol-Oriented Swift 2.app/Protocol-Oriented Swift 2";
			};
			name = Debug;
		};
		7E3F8B371B880FBE002572BB /* Release */ = {
			isa = XCBuildConfiguration;
			buildSettings = {
				BUNDLE_LOADER = "$(TEST_HOST)";
				INFOPLIST_FILE = "Protocol-Oriented Swift 2Tests/Info.plist";
				LD_RUNPATH_SEARCH_PATHS = "$(inherited) @executable_path/Frameworks @loader_path/Frameworks";
				PRODUCT_BUNDLE_IDENTIFIER = "com.sweefties.Protocol-Oriented-Swift-2Tests";
				PRODUCT_NAME = "$(TARGET_NAME)";
				SWIFT_VERSION = 3.0;
				TEST_HOST = "$(BUILT_PRODUCTS_DIR)/Protocol-Oriented Swift 2.app/Protocol-Oriented Swift 2";
			};
			name = Release;
		};
		7E3F8B391B880FBE002572BB /* Debug */ = {
			isa = XCBuildConfiguration;
			buildSettings = {
				INFOPLIST_FILE = "Protocol-Oriented Swift 2UITests/Info.plist";
				LD_RUNPATH_SEARCH_PATHS = "$(inherited) @executable_path/Frameworks @loader_path/Frameworks";
				PRODUCT_BUNDLE_IDENTIFIER = "com.sweefties.Protocol-Oriented-Swift-2UITests";
				PRODUCT_NAME = "$(TARGET_NAME)";
				SWIFT_VERSION = 3.0;
				TEST_TARGET_NAME = "Protocol-Oriented Swift 2";
				USES_XCTRUNNER = YES;
			};
			name = Debug;
		};
		7E3F8B3A1B880FBE002572BB /* Release */ = {
			isa = XCBuildConfiguration;
			buildSettings = {
				INFOPLIST_FILE = "Protocol-Oriented Swift 2UITests/Info.plist";
				LD_RUNPATH_SEARCH_PATHS = "$(inherited) @executable_path/Frameworks @loader_path/Frameworks";
				PRODUCT_BUNDLE_IDENTIFIER = "com.sweefties.Protocol-Oriented-Swift-2UITests";
				PRODUCT_NAME = "$(TARGET_NAME)";
				SWIFT_VERSION = 3.0;
				TEST_TARGET_NAME = "Protocol-Oriented Swift 2";
				USES_XCTRUNNER = YES;
			};
			name = Release;
		};
/* End XCBuildConfiguration section */

/* Begin XCConfigurationList section */
		7E3F8B051B880FBE002572BB /* Build configuration list for PBXProject "Protocol-Oriented Swift 2" */ = {
			isa = XCConfigurationList;
			buildConfigurations = (
				7E3F8B301B880FBE002572BB /* Debug */,
				7E3F8B311B880FBE002572BB /* Release */,
			);
			defaultConfigurationIsVisible = 0;
			defaultConfigurationName = Release;
		};
		7E3F8B321B880FBE002572BB /* Build configuration list for PBXNativeTarget "Protocol-Oriented Swift 2" */ = {
			isa = XCConfigurationList;
			buildConfigurations = (
				7E3F8B331B880FBE002572BB /* Debug */,
				7E3F8B341B880FBE002572BB /* Release */,
			);
			defaultConfigurationIsVisible = 0;
			defaultConfigurationName = Release;
		};
		7E3F8B351B880FBE002572BB /* Build configuration list for PBXNativeTarget "Protocol-Oriented Swift 2Tests" */ = {
			isa = XCConfigurationList;
			buildConfigurations = (
				7E3F8B361B880FBE002572BB /* Debug */,
				7E3F8B371B880FBE002572BB /* Release */,
			);
			defaultConfigurationIsVisible = 0;
			defaultConfigurationName = Release;
		};
		7E3F8B381B880FBE002572BB /* Build configuration list for PBXNativeTarget "Protocol-Oriented Swift 2UITests" */ = {
			isa = XCConfigurationList;
			buildConfigurations = (
				7E3F8B391B880FBE002572BB /* Debug */,
				7E3F8B3A1B880FBE002572BB /* Release */,
			);
			defaultConfigurationIsVisible = 0;
			defaultConfigurationName = Release;
		};
/* End XCConfigurationList section */
	};
	rootObject = 7E3F8B021B880FBE002572BB /* Project object */;
}
